
Microsoft Visual Studio Solution File, Format Version 12.00
# Visual Studio 15
VisualStudioVersion = 15.0.27130.2026
MinimumVisualStudioVersion = 10.0.40219.1
Project("{9A19103F-16F7-4668-BE54-9A1E7A4F7556}") = "AsIKnow.LocalizationHelpers", "AsIKnow.LocalizationHelpers\AsIKnow.LocalizationHelpers.csproj", "{97C7F208-0FDD-4FDD-873A-7E981596DE60}"
EndProject
Project("{FAE04EC0-301F-11D3-BF4B-00C04F79EFBC}") = "UnitTest", "..\test\UnitTest\UnitTest.csproj", "{A67CC2F7-79E8-4837-9F1E-E72C0A368849}"
EndProject
Global
	GlobalSection(SolutionConfigurationPlatforms) = preSolution
		Debug|Any CPU = Debug|Any CPU
		Release|Any CPU = Release|Any CPU
	EndGlobalSection
	GlobalSection(ProjectConfigurationPlatforms) = postSolution
		{97C7F208-0FDD-4FDD-873A-7E981596DE60}.Debug|Any CPU.ActiveCfg = Debug|Any CPU
		{97C7F208-0FDD-4FDD-873A-7E981596DE60}.Debug|Any CPU.Build.0 = Debug|Any CPU
		{97C7F208-0FDD-4FDD-873A-7E981596DE60}.Release|Any CPU.ActiveCfg = Release|Any CPU
		{97C7F208-0FDD-4FDD-873A-7E981596DE60}.Release|Any CPU.Build.0 = Release|Any CPU
		{A67CC2F7-79E8-4837-9F1E-E72C0A368849}.Debug|Any CPU.ActiveCfg = Debug|Any CPU
		{A67CC2F7-79E8-4837-9F1E-E72C0A368849}.Debug|Any CPU.Build.0 = Debug|Any CPU
		{A67CC2F7-79E8-4837-9F1E-E72C0A368849}.Release|Any CPU.ActiveCfg = Release|Any CPU
		{A67CC2F7-79E8-4837-9F1E-E72C0A368849}.Release|Any CPU.Build.0 = Release|Any CPU
	EndGlobalSection
	GlobalSection(SolutionProperties) = preSolution
		HideSolutionNode = FALSE
	EndGlobalSection
	GlobalSection(ExtensibilityGlobals) = postSolution
		SolutionGuid = {EF26B42C-709E-4652-8C03-C27E3DFFE75E}
	EndGlobalSection
EndGlobal
